// !$*UTF8*$!
{
	archiveVersion = 1;
	classes = {
	};
	objectVersion = 50;
	objects = {

/* Begin PBXBuildFile section */
		8C42CFF02248D84E004690C0 /* AppDelegate.swift in Sources */ = {isa = PBXBuildFile; fileRef = 8C42CFEF2248D84E004690C0 /* AppDelegate.swift */; };
		8C42CFF22248D84E004690C0 /* ViewController.swift in Sources */ = {isa = PBXBuildFile; fileRef = 8C42CFF12248D84E004690C0 /* ViewController.swift */; };
		8C42CFF52248D84E004690C0 /* Main.storyboard in Resources */ = {isa = PBXBuildFile; fileRef = 8C42CFF32248D84E004690C0 /* Main.storyboard */; };
		8C42CFF72248D84F004690C0 /* Assets.xcassets in Resources */ = {isa = PBXBuildFile; fileRef = 8C42CFF62248D84F004690C0 /* Assets.xcassets */; };
		8C42CFFA2248D84F004690C0 /* LaunchScreen.storyboard in Resources */ = {isa = PBXBuildFile; fileRef = 8C42CFF82248D84F004690C0 /* LaunchScreen.storyboard */; };
		8C42D0022248DD25004690C0 /* MainNavigationController.swift in Sources */ = {isa = PBXBuildFile; fileRef = 8C42D0012248DD25004690C0 /* MainNavigationController.swift */; };
		A47425F70C5997F1F5D427FD /* Pods_Projet_Smartphone.framework in Frameworks */ = {isa = PBXBuildFile; fileRef = 39CA47ED59E9D79B794E99A0 /* Pods_Projet_Smartphone.framework */; };
/* End PBXBuildFile section */

/* Begin PBXFileReference section */
		39CA47ED59E9D79B794E99A0 /* Pods_Projet_Smartphone.framework */ = {isa = PBXFileReference; explicitFileType = wrapper.framework; includeInIndex = 0; path = Pods_Projet_Smartphone.framework; sourceTree = BUILT_PRODUCTS_DIR; };
		4199649E7D7EB967FDD5918B /* Pods-Projet_Smartphone.release.xcconfig */ = {isa = PBXFileReference; includeInIndex = 1; lastKnownFileType = text.xcconfig; name = "Pods-Projet_Smartphone.release.xcconfig"; path = "Target Support Files/Pods-Projet_Smartphone/Pods-Projet_Smartphone.release.xcconfig"; sourceTree = "<group>"; };
		8C42CFEC2248D84E004690C0 /* Projet_Smartphone.app */ = {isa = PBXFileReference; explicitFileType = wrapper.application; includeInIndex = 0; path = Projet_Smartphone.app; sourceTree = BUILT_PRODUCTS_DIR; };
		8C42CFEF2248D84E004690C0 /* AppDelegate.swift */ = {isa = PBXFileReference; lastKnownFileType = sourcecode.swift; path = AppDelegate.swift; sourceTree = "<group>"; };
		8C42CFF12248D84E004690C0 /* ViewController.swift */ = {isa = PBXFileReference; lastKnownFileType = sourcecode.swift; path = ViewController.swift; sourceTree = "<group>"; };
		8C42CFF42248D84E004690C0 /* Base */ = {isa = PBXFileReference; lastKnownFileType = file.storyboard; name = Base; path = Base.lproj/Main.storyboard; sourceTree = "<group>"; };
		8C42CFF62248D84F004690C0 /* Assets.xcassets */ = {isa = PBXFileReference; lastKnownFileType = folder.assetcatalog; path = Assets.xcassets; sourceTree = "<group>"; };
		8C42CFF92248D84F004690C0 /* Base */ = {isa = PBXFileReference; lastKnownFileType = file.storyboard; name = Base; path = Base.lproj/LaunchScreen.storyboard; sourceTree = "<group>"; };
		8C42CFFB2248D84F004690C0 /* Info.plist */ = {isa = PBXFileReference; lastKnownFileType = text.plist.xml; path = Info.plist; sourceTree = "<group>"; };
		8C42D0012248DD25004690C0 /* MainNavigationController.swift */ = {isa = PBXFileReference; lastKnownFileType = sourcecode.swift; path = MainNavigationController.swift; sourceTree = "<group>"; };
		E22B45C7C6DFBFB47688EBEC /* Pods-Projet_Smartphone.debug.xcconfig */ = {isa = PBXFileReference; includeInIndex = 1; lastKnownFileType = text.xcconfig; name = "Pods-Projet_Smartphone.debug.xcconfig"; path = "Target Support Files/Pods-Projet_Smartphone/Pods-Projet_Smartphone.debug.xcconfig"; sourceTree = "<group>"; };
/* End PBXFileReference section */

/* Begin PBXFrameworksBuildPhase section */
		8C42CFE92248D84E004690C0 /* Frameworks */ = {
			isa = PBXFrameworksBuildPhase;
			buildActionMask = 2147483647;
			files = (
				A47425F70C5997F1F5D427FD /* Pods_Projet_Smartphone.framework in Frameworks */,
			);
			runOnlyForDeploymentPostprocessing = 0;
		};
/* End PBXFrameworksBuildPhase section */

/* Begin PBXGroup section */
		040702CDEA902102BF84F192 /* Pods */ = {
			isa = PBXGroup;
			children = (
				E22B45C7C6DFBFB47688EBEC /* Pods-Projet_Smartphone.debug.xcconfig */,
				4199649E7D7EB967FDD5918B /* Pods-Projet_Smartphone.release.xcconfig */,
			);
			path = Pods;
			sourceTree = "<group>";
		};
		8C42CFE32248D84E004690C0 = {
			isa = PBXGroup;
			children = (
				8C42CFEE2248D84E004690C0 /* Projet_Smartphone */,
				8C42CFED2248D84E004690C0 /* Products */,
				040702CDEA902102BF84F192 /* Pods */,
				FE6391B34048CE04DEC0F023 /* Frameworks */,
			);
			sourceTree = "<group>";
		};
		8C42CFED2248D84E004690C0 /* Products */ = {
			isa = PBXGroup;
			children = (
				8C42CFEC2248D84E004690C0 /* Projet_Smartphone.app */,
			);
			name = Products;
			sourceTree = "<group>";
		};
		8C42CFEE2248D84E004690C0 /* Projet_Smartphone */ = {
			isa = PBXGroup;
			children = (
				8C42CFEF2248D84E004690C0 /* AppDelegate.swift */,
				8C42CFF12248D84E004690C0 /* ViewController.swift */,
				8C42CFF32248D84E004690C0 /* Main.storyboard */,
				8C42CFF62248D84F004690C0 /* Assets.xcassets */,
				8C42CFF82248D84F004690C0 /* LaunchScreen.storyboard */,
				8C42CFFB2248D84F004690C0 /* Info.plist */,
				8C42D0012248DD25004690C0 /* MainNavigationController.swift */,
			);
			path = Projet_Smartphone;
			sourceTree = "<group>";
		};
		FE6391B34048CE04DEC0F023 /* Frameworks */ = {
			isa = PBXGroup;
			children = (
				39CA47ED59E9D79B794E99A0 /* Pods_Projet_Smartphone.framework */,
			);
			name = Frameworks;
			sourceTree = "<group>";
		};
/* End PBXGroup section */

/* Begin PBXNativeTarget section */
		8C42CFEB2248D84E004690C0 /* Projet_Smartphone */ = {
			isa = PBXNativeTarget;
			buildConfigurationList = 8C42CFFE2248D84F004690C0 /* Build configuration list for PBXNativeTarget "Projet_Smartphone" */;
			buildPhases = (
				EC9AB02FD571CD03BD8CFE43 /* [CP] Check Pods Manifest.lock */,
				8C42CFE82248D84E004690C0 /* Sources */,
				8C42CFE92248D84E004690C0 /* Frameworks */,
				8C42CFEA2248D84E004690C0 /* Resources */,
				6C814827EE4FFB3697677E85 /* [CP] Embed Pods Frameworks */,
			);
			buildRules = (
			);
			dependencies = (
			);
			name = Projet_Smartphone;
			productName = Projet_Smartphone;
			productReference = 8C42CFEC2248D84E004690C0 /* Projet_Smartphone.app */;
			productType = "com.apple.product-type.application";
		};
/* End PBXNativeTarget section */

/* Begin PBXProject section */
		8C42CFE42248D84E004690C0 /* Project object */ = {
			isa = PBXProject;
			attributes = {
				LastSwiftUpdateCheck = 1010;
				LastUpgradeCheck = 1010;
				ORGANIZATIONNAME = "Justin North";
				TargetAttributes = {
					8C42CFEB2248D84E004690C0 = {
						CreatedOnToolsVersion = 10.1;
						LastSwiftMigration = 1020;
					};
				};
			};
			buildConfigurationList = 8C42CFE72248D84E004690C0 /* Build configuration list for PBXProject "Projet_Smartphone" */;
			compatibilityVersion = "Xcode 9.3";
			developmentRegion = en;
			hasScannedForEncodings = 0;
			knownRegions = (
				en,
				Base,
			);
			mainGroup = 8C42CFE32248D84E004690C0;
			productRefGroup = 8C42CFED2248D84E004690C0 /* Products */;
			projectDirPath = "";
			projectRoot = "";
			targets = (
				8C42CFEB2248D84E004690C0 /* Projet_Smartphone */,
			);
		};
/* End PBXProject section */

/* Begin PBXResourcesBuildPhase section */
		8C42CFEA2248D84E004690C0 /* Resources */ = {
			isa = PBXResourcesBuildPhase;
			buildActionMask = 2147483647;
			files = (
				8C42CFFA2248D84F004690C0 /* LaunchScreen.storyboard in Resources */,
				8C42CFF72248D84F004690C0 /* Assets.xcassets in Resources */,
				8C42CFF52248D84E004690C0 /* Main.storyboard in Resources */,
			);
			runOnlyForDeploymentPostprocessing = 0;
		};
/* End PBXResourcesBuildPhase section */

/* Begin PBXShellScriptBuildPhase section */
		6C814827EE4FFB3697677E85 /* [CP] Embed Pods Frameworks */ = {
			isa = PBXShellScriptBuildPhase;
			buildActionMask = 2147483647;
			files = (
			);
			inputFileListPaths = (
			);
			inputPaths = (
				"${PODS_ROOT}/Target Support Files/Pods-Projet_Smartphone/Pods-Projet_Smartphone-frameworks.sh",
				"${BUILT_PRODUCTS_DIR}/SwiftSocket/SwiftSocket.framework",
			);
			name = "[CP] Embed Pods Frameworks";
			outputFileListPaths = (
			);
			outputPaths = (
				"${TARGET_BUILD_DIR}/${FRAMEWORKS_FOLDER_PATH}/SwiftSocket.framework",
			);
			runOnlyForDeploymentPostprocessing = 0;
			shellPath = /bin/sh;
			shellScript = "\"${PODS_ROOT}/Target Support Files/Pods-Projet_Smartphone/Pods-Projet_Smartphone-frameworks.sh\"\n";
			showEnvVarsInLog = 0;
		};
		EC9AB02FD571CD03BD8CFE43 /* [CP] Check Pods Manifest.lock */ = {
			isa = PBXShellScriptBuildPhase;
			buildActionMask = 2147483647;
			files = (
			);
			inputFileListPaths = (
			);
			inputPaths = (
				"${PODS_PODFILE_DIR_PATH}/Podfile.lock",
				"${PODS_ROOT}/Manifest.lock",
			);
			name = "[CP] Check Pods Manifest.lock";
			outputFileListPaths = (
			);
			outputPaths = (
				"$(DERIVED_FILE_DIR)/Pods-Projet_Smartphone-checkManifestLockResult.txt",
			);
			runOnlyForDeploymentPostprocessing = 0;
			shellPath = /bin/sh;
			shellScript = "diff \"${PODS_PODFILE_DIR_PATH}/Podfile.lock\" \"${PODS_ROOT}/Manifest.lock\" > /dev/null\nif [ $? != 0 ] ; then\n    # print error to STDERR\n    echo \"error: The sandbox is not in sync with the Podfile.lock. Run 'pod install' or update your CocoaPods installation.\" >&2\n    exit 1\nfi\n# This output is used by Xcode 'outputs' to avoid re-running this script phase.\necho \"SUCCESS\" > \"${SCRIPT_OUTPUT_FILE_0}\"\n";
			showEnvVarsInLog = 0;
		};
/* End PBXShellScriptBuildPhase section */

/* Begin PBXSourcesBuildPhase section */
		8C42CFE82248D84E004690C0 /* Sources */ = {
			isa = PBXSourcesBuildPhase;
			buildActionMask = 2147483647;
			files = (
				8C42D0022248DD25004690C0 /* MainNavigationController.swift in Sources */,
				8C42CFF22248D84E004690C0 /* ViewController.swift in Sources */,
				8C42CFF02248D84E004690C0 /* AppDelegate.swift in Sources */,
			);
			runOnlyForDeploymentPostprocessing = 0;
		};
/* End PBXSourcesBuildPhase section */

/* Begin PBXVariantGroup section */
		8C42CFF32248D84E004690C0 /* Main.storyboard */ = {
			isa = PBXVariantGroup;
			children = (
				8C42CFF42248D84E004690C0 /* Base */,
			);
			name = Main.storyboard;
			sourceTree = "<group>";
		};
		8C42CFF82248D84F004690C0 /* LaunchScreen.storyboard */ = {
			isa = PBXVariantGroup;
			children = (
				8C42CFF92248D84F004690C0 /* Base */,
			);
			name = LaunchScreen.storyboard;
			sourceTree = "<group>";
		};
/* End PBXVariantGroup section */

/* Begin XCBuildConfiguration section */
		8C42CFFC2248D84F004690C0 /* Debug */ = {
			isa = XCBuildConfiguration;
			buildSettings = {
				ALWAYS_SEARCH_USER_PATHS = NO;
				CLANG_ANALYZER_NONNULL = YES;
				CLANG_ANALYZER_NUMBER_OBJECT_CONVERSION = YES_AGGRESSIVE;
				CLANG_CXX_LANGUAGE_STANDARD = "gnu++14";
				CLANG_CXX_LIBRARY = "libc++";
				CLANG_ENABLE_MODULES = YES;
				CLANG_ENABLE_OBJC_ARC = YES;
				CLANG_ENABLE_OBJC_WEAK = YES;
				CLANG_WARN_BLOCK_CAPTURE_AUTORELEASING = YES;
				CLANG_WARN_BOOL_CONVERSION = YES;
				CLANG_WARN_COMMA = YES;
				CLANG_WARN_CONSTANT_CONVERSION = YES;
				CLANG_WARN_DEPRECATED_OBJC_IMPLEMENTATIONS = YES;
				CLANG_WARN_DIRECT_OBJC_ISA_USAGE = YES_ERROR;
				CLANG_WARN_DOCUMENTATION_COMMENTS = YES;
				CLANG_WARN_EMPTY_BODY = YES;
				CLANG_WARN_ENUM_CONVERSION = YES;
				CLANG_WARN_INFINITE_RECURSION = YES;
				CLANG_WARN_INT_CONVERSION = YES;
				CLANG_WARN_NON_LITERAL_NULL_CONVERSION = YES;
				CLANG_WARN_OBJC_IMPLICIT_RETAIN_SELF = YES;
				CLANG_WARN_OBJC_LITERAL_CONVERSION = YES;
				CLANG_WARN_OBJC_ROOT_CLASS = YES_ERROR;
				CLANG_WARN_RANGE_LOOP_ANALYSIS = YES;
				CLANG_WARN_STRICT_PROTOTYPES = YES;
				CLANG_WARN_SUSPICIOUS_MOVE = YES;
				CLANG_WARN_UNGUARDED_AVAILABILITY = YES_AGGRESSIVE;
				CLANG_WARN_UNREACHABLE_CODE = YES;
				CLANG_WARN__DUPLICATE_METHOD_MATCH = YES;
				CODE_SIGN_IDENTITY = "iPhone Developer";
				COPY_PHASE_STRIP = NO;
				DEBUG_INFORMATION_FORMAT = dwarf;
				ENABLE_STRICT_OBJC_MSGSEND = YES;
				ENABLE_TESTABILITY = YES;
				GCC_C_LANGUAGE_STANDARD = gnu11;
				GCC_DYNAMIC_NO_PIC = NO;
				GCC_NO_COMMON_BLOCKS = YES;
				GCC_OPTIMIZATION_LEVEL = 0;
				GCC_PREPROCESSOR_DEFINITIONS = (
					"DEBUG=1",
					"$(inherited)",
				);
				GCC_WARN_64_TO_32_BIT_CONVERSION = YES;
				GCC_WARN_ABOUT_RETURN_TYPE = YES_ERROR;
				GCC_WARN_UNDECLARED_SELECTOR = YES;
				GCC_WARN_UNINITIALIZED_AUTOS = YES_AGGRESSIVE;
				GCC_WARN_UNUSED_FUNCTION = YES;
				GCC_WARN_UNUSED_VARIABLE = YES;
				IPHONEOS_DEPLOYMENT_TARGET = 12.1;
				MTL_ENABLE_DEBUG_INFO = INCLUDE_SOURCE;
				MTL_FAST_MATH = YES;
				ONLY_ACTIVE_ARCH = YES;
				SDKROOT = iphoneos;
				SWIFT_ACTIVE_COMPILATION_CONDITIONS = DEBUG;
				SWIFT_OPTIMIZATION_LEVEL = "-Onone";
			};
			name = Debug;
		};
		8C42CFFD2248D84F004690C0 /* Release */ = {
			isa = XCBuildConfiguration;
			buildSettings = {
				ALWAYS_SEARCH_USER_PATHS = NO;
				CLANG_ANALYZER_NONNULL = YES;
				CLANG_ANALYZER_NUMBER_OBJECT_CONVERSION = YES_AGGRESSIVE;
				CLANG_CXX_LANGUAGE_STANDARD = "gnu++14";
				CLANG_CXX_LIBRARY = "libc++";
				CLANG_ENABLE_MODULES = YES;
				CLANG_ENABLE_OBJC_ARC = YES;
				CLANG_ENABLE_OBJC_WEAK = YES;
				CLANG_WARN_BLOCK_CAPTURE_AUTORELEASING = YES;
				CLANG_WARN_BOOL_CONVERSION = YES;
				CLANG_WARN_COMMA = YES;
				CLANG_WARN_CONSTANT_CONVERSION = YES;
				CLANG_WARN_DEPRECATED_OBJC_IMPLEMENTATIONS = YES;
				CLANG_WARN_DIRECT_OBJC_ISA_USAGE = YES_ERROR;
				CLANG_WARN_DOCUMENTATION_COMMENTS = YES;
				CLANG_WARN_EMPTY_BODY = YES;
				CLANG_WARN_ENUM_CONVERSION = YES;
				CLANG_WARN_INFINITE_RECURSION = YES;
				CLANG_WARN_INT_CONVERSION = YES;
				CLANG_WARN_NON_LITERAL_NULL_CONVERSION = YES;
				CLANG_WARN_OBJC_IMPLICIT_RETAIN_SELF = YES;
				CLANG_WARN_OBJC_LITERAL_CONVERSION = YES;
				CLANG_WARN_OBJC_ROOT_CLASS = YES_ERROR;
				CLANG_WARN_RANGE_LOOP_ANALYSIS = YES;
				CLANG_WARN_STRICT_PROTOTYPES = YES;
				CLANG_WARN_SUSPICIOUS_MOVE = YES;
				CLANG_WARN_UNGUARDED_AVAILABILITY = YES_AGGRESSIVE;
				CLANG_WARN_UNREACHABLE_CODE = YES;
				CLANG_WARN__DUPLICATE_METHOD_MATCH = YES;
				CODE_SIGN_IDENTITY = "iPhone Developer";
				COPY_PHASE_STRIP = NO;
				DEBUG_INFORMATION_FORMAT = "dwarf-with-dsym";
				ENABLE_NS_ASSERTIONS = NO;
				ENABLE_STRICT_OBJC_MSGSEND = YES;
				GCC_C_LANGUAGE_STANDARD = gnu11;
				GCC_NO_COMMON_BLOCKS = YES;
				GCC_WARN_64_TO_32_BIT_CONVERSION = YES;
				GCC_WARN_ABOUT_RETURN_TYPE = YES_ERROR;
				GCC_WARN_UNDECLARED_SELECTOR = YES;
				GCC_WARN_UNINITIALIZED_AUTOS = YES_AGGRESSIVE;
				GCC_WARN_UNUSED_FUNCTION = YES;
				GCC_WARN_UNUSED_VARIABLE = YES;
				IPHONEOS_DEPLOYMENT_TARGET = 12.1;
				MTL_ENABLE_DEBUG_INFO = NO;
				MTL_FAST_MATH = YES;
				SDKROOT = iphoneos;
				SWIFT_COMPILATION_MODE = wholemodule;
				SWIFT_OPTIMIZATION_LEVEL = "-O";
				VALIDATE_PRODUCT = YES;
			};
			name = Release;
		};
		8C42CFFF2248D84F004690C0 /* Debug */ = {
			isa = XCBuildConfiguration;
			baseConfigurationReference = E22B45C7C6DFBFB47688EBEC /* Pods-Projet_Smartphone.debug.xcconfig */;
			buildSettings = {
				ASSETCATALOG_COMPILER_APPICON_NAME = AppIcon;
				CODE_SIGN_STYLE = Automatic;
				DEVELOPMENT_TEAM = 4Y242TBD42;
				INFOPLIST_FILE = Projet_Smartphone/Info.plist;
				LD_RUNPATH_SEARCH_PATHS = (
					"$(inherited)",
					"@executable_path/Frameworks",
				);
				PRODUCT_BUNDLE_IDENTIFIER = "north.Projet-Smartphone";
				PRODUCT_NAME = "$(TARGET_NAME)";
				SWIFT_VERSION = 5.0;
				TARGETED_DEVICE_FAMILY = "1,2";
			};
			name = Debug;
		};
		8C42D0002248D84F004690C0 /* Release */ = {
			isa = XCBuildConfiguration;
			baseConfigurationReference = 4199649E7D7EB967FDD5918B /* Pods-Projet_Smartphone.release.xcconfig */;
			buildSettings = {
				ASSETCATALOG_COMPILER_APPICON_NAME = AppIcon;
				CODE_SIGN_STYLE = Automatic;
				DEVELOPMENT_TEAM = 4Y242TBD42;
				INFOPLIST_FILE = Projet_Smartphone/Info.plist;
				LD_RUNPATH_SEARCH_PATHS = (
					"$(inherited)",
					"@executable_path/Frameworks",
				);
				PRODUCT_BUNDLE_IDENTIFIER = "north.Projet-Smartphone";
				PRODUCT_NAME = "$(TARGET_NAME)";
				SWIFT_VERSION = 5.0;
				TARGETED_DEVICE_FAMILY = "1,2";
			};
			name = Release;
		};
/* End XCBuildConfiguration section */

/* Begin XCConfigurationList section */
		8C42CFE72248D84E004690C0 /* Build configuration list for PBXProject "Projet_Smartphone" */ = {
			isa = XCConfigurationList;
			buildConfigurations = (
				8C42CFFC2248D84F004690C0 /* Debug */,
				8C42CFFD2248D84F004690C0 /* Release */,
			);
			defaultConfigurationIsVisible = 0;
			defaultConfigurationName = Release;
		};
		8C42CFFE2248D84F004690C0 /* Build configuration list for PBXNativeTarget "Projet_Smartphone" */ = {
			isa = XCConfigurationList;
			buildConfigurations = (
				8C42CFFF2248D84F004690C0 /* Debug */,
				8C42D0002248D84F004690C0 /* Release */,
			);
			defaultConfigurationIsVisible = 0;
			defaultConfigurationName = Release;
		};
/* End XCConfigurationList section */
	};
	rootObject = 8C42CFE42248D84E004690C0 /* Project object */;
}
