// !$*UTF8*$!
{
	archiveVersion = 1;
	classes = {
	};
	objectVersion = 50;
	objects = {

/* Begin PBXBuildFile section */
		8C58E6532251E28C004443F0 /* AppDelegate.m in Sources */ = {isa = PBXBuildFile; fileRef = 8C58E6522251E28C004443F0 /* AppDelegate.m */; };
		8C58E6562251E28C004443F0 /* ViewController.m in Sources */ = {isa = PBXBuildFile; fileRef = 8C58E6552251E28C004443F0 /* ViewController.m */; };
		8C58E6592251E28C004443F0 /* Main.storyboard in Resources */ = {isa = PBXBuildFile; fileRef = 8C58E6572251E28C004443F0 /* Main.storyboard */; };
		8C58E65B2251E28E004443F0 /* Assets.xcassets in Resources */ = {isa = PBXBuildFile; fileRef = 8C58E65A2251E28E004443F0 /* Assets.xcassets */; };
		8C58E65E2251E28E004443F0 /* LaunchScreen.storyboard in Resources */ = {isa = PBXBuildFile; fileRef = 8C58E65C2251E28E004443F0 /* LaunchScreen.storyboard */; };
		8C58E6612251E28E004443F0 /* main.m in Sources */ = {isa = PBXBuildFile; fileRef = 8C58E6602251E28E004443F0 /* main.m */; };
		8C58E6692251EB82004443F0 /* MapKit.framework in Frameworks */ = {isa = PBXBuildFile; fileRef = 8C58E6682251EB82004443F0 /* MapKit.framework */; };
		8C58E66B2251EB88004443F0 /* CoreGraphics.framework in Frameworks */ = {isa = PBXBuildFile; fileRef = 8C58E66A2251EB88004443F0 /* CoreGraphics.framework */; };
		8C58E66D2251EB90004443F0 /* UIKit.framework in Frameworks */ = {isa = PBXBuildFile; fileRef = 8C58E66C2251EB90004443F0 /* UIKit.framework */; };
		8C58E66F2251EB97004443F0 /* Foundation.framework in Frameworks */ = {isa = PBXBuildFile; fileRef = 8C58E66E2251EB97004443F0 /* Foundation.framework */; };
		8CD9D806225B2B32000F915E /* Vue2Controller.m in Sources */ = {isa = PBXBuildFile; fileRef = 8CD9D805225B2B32000F915E /* Vue2Controller.m */; };
/* End PBXBuildFile section */

/* Begin PBXFileReference section */
		8C58E64E2251E28C004443F0 /* TestSockets.app */ = {isa = PBXFileReference; explicitFileType = wrapper.application; includeInIndex = 0; path = TestSockets.app; sourceTree = BUILT_PRODUCTS_DIR; };
		8C58E6512251E28C004443F0 /* AppDelegate.h */ = {isa = PBXFileReference; lastKnownFileType = sourcecode.c.h; path = AppDelegate.h; sourceTree = "<group>"; };
		8C58E6522251E28C004443F0 /* AppDelegate.m */ = {isa = PBXFileReference; lastKnownFileType = sourcecode.c.objc; path = AppDelegate.m; sourceTree = "<group>"; };
		8C58E6542251E28C004443F0 /* ViewController.h */ = {isa = PBXFileReference; lastKnownFileType = sourcecode.c.h; path = ViewController.h; sourceTree = "<group>"; };
		8C58E6552251E28C004443F0 /* ViewController.m */ = {isa = PBXFileReference; lastKnownFileType = sourcecode.c.objc; path = ViewController.m; sourceTree = "<group>"; };
		8C58E6582251E28C004443F0 /* Base */ = {isa = PBXFileReference; lastKnownFileType = file.storyboard; name = Base; path = Base.lproj/Main.storyboard; sourceTree = "<group>"; };
		8C58E65A2251E28E004443F0 /* Assets.xcassets */ = {isa = PBXFileReference; lastKnownFileType = folder.assetcatalog; path = Assets.xcassets; sourceTree = "<group>"; };
		8C58E65D2251E28E004443F0 /* Base */ = {isa = PBXFileReference; lastKnownFileType = file.storyboard; name = Base; path = Base.lproj/LaunchScreen.storyboard; sourceTree = "<group>"; };
		8C58E65F2251E28E004443F0 /* Info.plist */ = {isa = PBXFileReference; lastKnownFileType = text.plist.xml; path = Info.plist; sourceTree = "<group>"; };
		8C58E6602251E28E004443F0 /* main.m */ = {isa = PBXFileReference; lastKnownFileType = sourcecode.c.objc; path = main.m; sourceTree = "<group>"; };
		8C58E6682251EB82004443F0 /* MapKit.framework */ = {isa = PBXFileReference; lastKnownFileType = wrapper.framework; name = MapKit.framework; path = System/Library/Frameworks/MapKit.framework; sourceTree = SDKROOT; };
		8C58E66A2251EB88004443F0 /* CoreGraphics.framework */ = {isa = PBXFileReference; lastKnownFileType = wrapper.framework; name = CoreGraphics.framework; path = System/Library/Frameworks/CoreGraphics.framework; sourceTree = SDKROOT; };
		8C58E66C2251EB90004443F0 /* UIKit.framework */ = {isa = PBXFileReference; lastKnownFileType = wrapper.framework; name = UIKit.framework; path = System/Library/Frameworks/UIKit.framework; sourceTree = SDKROOT; };
		8C58E66E2251EB97004443F0 /* Foundation.framework */ = {isa = PBXFileReference; lastKnownFileType = wrapper.framework; name = Foundation.framework; path = System/Library/Frameworks/Foundation.framework; sourceTree = SDKROOT; };
		8CD9D804225B2B1C000F915E /* Vue2Controller.h */ = {isa = PBXFileReference; lastKnownFileType = sourcecode.c.h; path = Vue2Controller.h; sourceTree = "<group>"; };
		8CD9D805225B2B32000F915E /* Vue2Controller.m */ = {isa = PBXFileReference; lastKnownFileType = sourcecode.c.objc; path = Vue2Controller.m; sourceTree = "<group>"; };
/* End PBXFileReference section */

/* Begin PBXFrameworksBuildPhase section */
		8C58E64B2251E28C004443F0 /* Frameworks */ = {
			isa = PBXFrameworksBuildPhase;
			buildActionMask = 2147483647;
			files = (
				8C58E66F2251EB97004443F0 /* Foundation.framework in Frameworks */,
				8C58E66D2251EB90004443F0 /* UIKit.framework in Frameworks */,
				8C58E66B2251EB88004443F0 /* CoreGraphics.framework in Frameworks */,
				8C58E6692251EB82004443F0 /* MapKit.framework in Frameworks */,
			);
			runOnlyForDeploymentPostprocessing = 0;
		};
/* End PBXFrameworksBuildPhase section */

/* Begin PBXGroup section */
		8C58E6452251E28C004443F0 = {
			isa = PBXGroup;
			children = (
				8C58E6502251E28C004443F0 /* TestSockets */,
				8C58E64F2251E28C004443F0 /* Products */,
				8C58E6672251EB82004443F0 /* Frameworks */,
			);
			sourceTree = "<group>";
		};
		8C58E64F2251E28C004443F0 /* Products */ = {
			isa = PBXGroup;
			children = (
				8C58E64E2251E28C004443F0 /* TestSockets.app */,
			);
			name = Products;
			sourceTree = "<group>";
		};
		8C58E6502251E28C004443F0 /* TestSockets */ = {
			isa = PBXGroup;
			children = (
				8CD9D804225B2B1C000F915E /* Vue2Controller.h */,
				8CD9D805225B2B32000F915E /* Vue2Controller.m */,
				8C58E6512251E28C004443F0 /* AppDelegate.h */,
				8C58E6522251E28C004443F0 /* AppDelegate.m */,
				8C58E6542251E28C004443F0 /* ViewController.h */,
				8C58E6552251E28C004443F0 /* ViewController.m */,
				8C58E6572251E28C004443F0 /* Main.storyboard */,
				8C58E65A2251E28E004443F0 /* Assets.xcassets */,
				8C58E65C2251E28E004443F0 /* LaunchScreen.storyboard */,
				8C58E65F2251E28E004443F0 /* Info.plist */,
				8C58E6602251E28E004443F0 /* main.m */,
			);
			path = TestSockets;
			sourceTree = "<group>";
		};
		8C58E6672251EB82004443F0 /* Frameworks */ = {
			isa = PBXGroup;
			children = (
				8C58E66E2251EB97004443F0 /* Foundation.framework */,
				8C58E66C2251EB90004443F0 /* UIKit.framework */,
				8C58E66A2251EB88004443F0 /* CoreGraphics.framework */,
				8C58E6682251EB82004443F0 /* MapKit.framework */,
			);
			name = Frameworks;
			sourceTree = "<group>";
		};
/* End PBXGroup section */

/* Begin PBXNativeTarget section */
		8C58E64D2251E28C004443F0 /* TestSockets */ = {
			isa = PBXNativeTarget;
			buildConfigurationList = 8C58E6642251E28E004443F0 /* Build configuration list for PBXNativeTarget "TestSockets" */;
			buildPhases = (
				8C58E64A2251E28C004443F0 /* Sources */,
				8C58E64B2251E28C004443F0 /* Frameworks */,
				8C58E64C2251E28C004443F0 /* Resources */,
			);
			buildRules = (
			);
			dependencies = (
			);
			name = TestSockets;
			productName = TestSockets;
			productReference = 8C58E64E2251E28C004443F0 /* TestSockets.app */;
			productType = "com.apple.product-type.application";
		};
/* End PBXNativeTarget section */

/* Begin PBXProject section */
		8C58E6462251E28C004443F0 /* Project object */ = {
			isa = PBXProject;
			attributes = {
				LastUpgradeCheck = 1020;
				ORGANIZATIONNAME = "Justin North";
				TargetAttributes = {
					8C58E64D2251E28C004443F0 = {
						CreatedOnToolsVersion = 10.2;
					};
				};
			};
			buildConfigurationList = 8C58E6492251E28C004443F0 /* Build configuration list for PBXProject "TestSockets" */;
			compatibilityVersion = "Xcode 9.3";
			developmentRegion = en;
			hasScannedForEncodings = 0;
			knownRegions = (
				en,
				Base,
			);
			mainGroup = 8C58E6452251E28C004443F0;
			productRefGroup = 8C58E64F2251E28C004443F0 /* Products */;
			projectDirPath = "";
			projectRoot = "";
			targets = (
				8C58E64D2251E28C004443F0 /* TestSockets */,
			);
		};
/* End PBXProject section */

/* Begin PBXResourcesBuildPhase section */
		8C58E64C2251E28C004443F0 /* Resources */ = {
			isa = PBXResourcesBuildPhase;
			buildActionMask = 2147483647;
			files = (
				8C58E65E2251E28E004443F0 /* LaunchScreen.storyboard in Resources */,
				8C58E65B2251E28E004443F0 /* Assets.xcassets in Resources */,
				8C58E6592251E28C004443F0 /* Main.storyboard in Resources */,
			);
			runOnlyForDeploymentPostprocessing = 0;
		};
/* End PBXResourcesBuildPhase section */

/* Begin PBXSourcesBuildPhase section */
		8C58E64A2251E28C004443F0 /* Sources */ = {
			isa = PBXSourcesBuildPhase;
			buildActionMask = 2147483647;
			files = (
				8C58E6562251E28C004443F0 /* ViewController.m in Sources */,
				8CD9D806225B2B32000F915E /* Vue2Controller.m in Sources */,
				8C58E6612251E28E004443F0 /* main.m in Sources */,
				8C58E6532251E28C004443F0 /* AppDelegate.m in Sources */,
			);
			runOnlyForDeploymentPostprocessing = 0;
		};
/* End PBXSourcesBuildPhase section */

/* Begin PBXVariantGroup section */
		8C58E6572251E28C004443F0 /* Main.storyboard */ = {
			isa = PBXVariantGroup;
			children = (
				8C58E6582251E28C004443F0 /* Base */,
			);
			name = Main.storyboard;
			sourceTree = "<group>";
		};
		8C58E65C2251E28E004443F0 /* LaunchScreen.storyboard */ = {
			isa = PBXVariantGroup;
			children = (
				8C58E65D2251E28E004443F0 /* Base */,
			);
			name = LaunchScreen.storyboard;
			sourceTree = "<group>";
		};
/* End PBXVariantGroup section */

/* Begin XCBuildConfiguration section */
		8C58E6622251E28E004443F0 /* Debug */ = {
			isa = XCBuildConfiguration;
			buildSettings = {
				ALWAYS_SEARCH_USER_PATHS = NO;
				CLANG_ANALYZER_NONNULL = YES;
				CLANG_ANALYZER_NUMBER_OBJECT_CONVERSION = YES_AGGRESSIVE;
				CLANG_CXX_LANGUAGE_STANDARD = "gnu++14";
				CLANG_CXX_LIBRARY = "libc++";
				CLANG_ENABLE_MODULES = YES;
				CLANG_ENABLE_OBJC_ARC = YES;
				CLANG_ENABLE_OBJC_WEAK = YES;
				CLANG_WARN_BLOCK_CAPTURE_AUTORELEASING = YES;
				CLANG_WARN_BOOL_CONVERSION = YES;
				CLANG_WARN_COMMA = YES;
				CLANG_WARN_CONSTANT_CONVERSION = YES;
				CLANG_WARN_DEPRECATED_OBJC_IMPLEMENTATIONS = YES;
				CLANG_WARN_DIRECT_OBJC_ISA_USAGE = YES_ERROR;
				CLANG_WARN_DOCUMENTATION_COMMENTS = YES;
				CLANG_WARN_EMPTY_BODY = YES;
				CLANG_WARN_ENUM_CONVERSION = YES;
				CLANG_WARN_INFINITE_RECURSION = YES;
				CLANG_WARN_INT_CONVERSION = YES;
				CLANG_WARN_NON_LITERAL_NULL_CONVERSION = YES;
				CLANG_WARN_OBJC_IMPLICIT_RETAIN_SELF = YES;
				CLANG_WARN_OBJC_LITERAL_CONVERSION = YES;
				CLANG_WARN_OBJC_ROOT_CLASS = YES_ERROR;
				CLANG_WARN_RANGE_LOOP_ANALYSIS = YES;
				CLANG_WARN_STRICT_PROTOTYPES = YES;
				CLANG_WARN_SUSPICIOUS_MOVE = YES;
				CLANG_WARN_UNGUARDED_AVAILABILITY = YES_AGGRESSIVE;
				CLANG_WARN_UNREACHABLE_CODE = YES;
				CLANG_WARN__DUPLICATE_METHOD_MATCH = YES;
				CODE_SIGN_IDENTITY = "iPhone Developer";
				COPY_PHASE_STRIP = NO;
				DEBUG_INFORMATION_FORMAT = dwarf;
				ENABLE_STRICT_OBJC_MSGSEND = YES;
				ENABLE_TESTABILITY = YES;
				GCC_C_LANGUAGE_STANDARD = gnu11;
				GCC_DYNAMIC_NO_PIC = NO;
				GCC_NO_COMMON_BLOCKS = YES;
				GCC_OPTIMIZATION_LEVEL = 0;
				GCC_PREPROCESSOR_DEFINITIONS = (
					"DEBUG=1",
					"$(inherited)",
				);
				GCC_WARN_64_TO_32_BIT_CONVERSION = YES;
				GCC_WARN_ABOUT_RETURN_TYPE = YES_ERROR;
				GCC_WARN_UNDECLARED_SELECTOR = YES;
				GCC_WARN_UNINITIALIZED_AUTOS = YES_AGGRESSIVE;
				GCC_WARN_UNUSED_FUNCTION = YES;
				GCC_WARN_UNUSED_VARIABLE = YES;
				IPHONEOS_DEPLOYMENT_TARGET = 12.2;
				MTL_ENABLE_DEBUG_INFO = INCLUDE_SOURCE;
				MTL_FAST_MATH = YES;
				ONLY_ACTIVE_ARCH = YES;
				SDKROOT = iphoneos;
			};
			name = Debug;
		};
		8C58E6632251E28E004443F0 /* Release */ = {
			isa = XCBuildConfiguration;
			buildSettings = {
				ALWAYS_SEARCH_USER_PATHS = NO;
				CLANG_ANALYZER_NONNULL = YES;
				CLANG_ANALYZER_NUMBER_OBJECT_CONVERSION = YES_AGGRESSIVE;
				CLANG_CXX_LANGUAGE_STANDARD = "gnu++14";
				CLANG_CXX_LIBRARY = "libc++";
				CLANG_ENABLE_MODULES = YES;
				CLANG_ENABLE_OBJC_ARC = YES;
				CLANG_ENABLE_OBJC_WEAK = YES;
				CLANG_WARN_BLOCK_CAPTURE_AUTORELEASING = YES;
				CLANG_WARN_BOOL_CONVERSION = YES;
				CLANG_WARN_COMMA = YES;
				CLANG_WARN_CONSTANT_CONVERSION = YES;
				CLANG_WARN_DEPRECATED_OBJC_IMPLEMENTATIONS = YES;
				CLANG_WARN_DIRECT_OBJC_ISA_USAGE = YES_ERROR;
				CLANG_WARN_DOCUMENTATION_COMMENTS = YES;
				CLANG_WARN_EMPTY_BODY = YES;
				CLANG_WARN_ENUM_CONVERSION = YES;
				CLANG_WARN_INFINITE_RECURSION = YES;
				CLANG_WARN_INT_CONVERSION = YES;
				CLANG_WARN_NON_LITERAL_NULL_CONVERSION = YES;
				CLANG_WARN_OBJC_IMPLICIT_RETAIN_SELF = YES;
				CLANG_WARN_OBJC_LITERAL_CONVERSION = YES;
				CLANG_WARN_OBJC_ROOT_CLASS = YES_ERROR;
				CLANG_WARN_RANGE_LOOP_ANALYSIS = YES;
				CLANG_WARN_STRICT_PROTOTYPES = YES;
				CLANG_WARN_SUSPICIOUS_MOVE = YES;
				CLANG_WARN_UNGUARDED_AVAILABILITY = YES_AGGRESSIVE;
				CLANG_WARN_UNREACHABLE_CODE = YES;
				CLANG_WARN__DUPLICATE_METHOD_MATCH = YES;
				CODE_SIGN_IDENTITY = "iPhone Developer";
				COPY_PHASE_STRIP = NO;
				DEBUG_INFORMATION_FORMAT = "dwarf-with-dsym";
				ENABLE_NS_ASSERTIONS = NO;
				ENABLE_STRICT_OBJC_MSGSEND = YES;
				GCC_C_LANGUAGE_STANDARD = gnu11;
				GCC_NO_COMMON_BLOCKS = YES;
				GCC_WARN_64_TO_32_BIT_CONVERSION = YES;
				GCC_WARN_ABOUT_RETURN_TYPE = YES_ERROR;
				GCC_WARN_UNDECLARED_SELECTOR = YES;
				GCC_WARN_UNINITIALIZED_AUTOS = YES_AGGRESSIVE;
				GCC_WARN_UNUSED_FUNCTION = YES;
				GCC_WARN_UNUSED_VARIABLE = YES;
				IPHONEOS_DEPLOYMENT_TARGET = 12.2;
				MTL_ENABLE_DEBUG_INFO = NO;
				MTL_FAST_MATH = YES;
				SDKROOT = iphoneos;
				VALIDATE_PRODUCT = YES;
			};
			name = Release;
		};
		8C58E6652251E28E004443F0 /* Debug */ = {
			isa = XCBuildConfiguration;
			buildSettings = {
				ASSETCATALOG_COMPILER_APPICON_NAME = AppIcon;
				CODE_SIGN_STYLE = Automatic;
				DEVELOPMENT_TEAM = 4Y242TBD42;
				INFOPLIST_FILE = TestSockets/Info.plist;
				LD_RUNPATH_SEARCH_PATHS = (
					"$(inherited)",
					"@executable_path/Frameworks",
				);
				PRODUCT_BUNDLE_IDENTIFIER = north.TestSockets;
				PRODUCT_NAME = "$(TARGET_NAME)";
				TARGETED_DEVICE_FAMILY = "1,2";
			};
			name = Debug;
		};
		8C58E6662251E28E004443F0 /* Release */ = {
			isa = XCBuildConfiguration;
			buildSettings = {
				ASSETCATALOG_COMPILER_APPICON_NAME = AppIcon;
				CODE_SIGN_STYLE = Automatic;
				DEVELOPMENT_TEAM = 4Y242TBD42;
				INFOPLIST_FILE = TestSockets/Info.plist;
				LD_RUNPATH_SEARCH_PATHS = (
					"$(inherited)",
					"@executable_path/Frameworks",
				);
				PRODUCT_BUNDLE_IDENTIFIER = north.TestSockets;
				PRODUCT_NAME = "$(TARGET_NAME)";
				TARGETED_DEVICE_FAMILY = "1,2";
			};
			name = Release;
		};
/* End XCBuildConfiguration section */

/* Begin XCConfigurationList section */
		8C58E6492251E28C004443F0 /* Build configuration list for PBXProject "TestSockets" */ = {
			isa = XCConfigurationList;
			buildConfigurations = (
				8C58E6622251E28E004443F0 /* Debug */,
				8C58E6632251E28E004443F0 /* Release */,
			);
			defaultConfigurationIsVisible = 0;
			defaultConfigurationName = Release;
		};
		8C58E6642251E28E004443F0 /* Build configuration list for PBXNativeTarget "TestSockets" */ = {
			isa = XCConfigurationList;
			buildConfigurations = (
				8C58E6652251E28E004443F0 /* Debug */,
				8C58E6662251E28E004443F0 /* Release */,
			);
			defaultConfigurationIsVisible = 0;
			defaultConfigurationName = Release;
		};
/* End XCConfigurationList section */
	};
	rootObject = 8C58E6462251E28C004443F0 /* Project object */;
}
